<?xml version="1.0" encoding="utf-8"?>
<Project ToolsVersion="4.0" xmlns="http://schemas.microsoft.com/developer/msbuild/2003">
  <ItemGroup>
    <Filter Include="ソース ファイル">
      <UniqueIdentifier>{4FC737F1-C7A5-4376-A066-2A32D752A2FF}</UniqueIdentifier>
      <Extensions>cpp;c;cc;cxx;def;odl;idl;hpj;bat;asm;asmx</Extensions>
    </Filter>
    <Filter Include="ヘッダー ファイル">
      <UniqueIdentifier>{93995380-89BD-4b04-88EB-625FBE52EBFB}</UniqueIdentifier>
      <Extensions>h;hh;hpp;hxx;hm;inl;inc;xsd</Extensions>
    </Filter>
    <Filter Include="リソース ファイル">
      <UniqueIdentifier>{67DA6AB6-F800-4c08-8B7A-83BB121AAD01}</UniqueIdentifier>
      <Extensions>rc;ico;cur;bmp;dlg;rc2;rct;bin;rgs;gif;jpg;jpeg;jpe;resx;tiff;tif;png;wav;mfcribbon-ms</Extensions>
    </Filter>
    <Filter Include="ソース ファイル\TITLE">
      <UniqueIdentifier>{3db0c342-fe61-4faa-b8ee-f666630aff18}</UniqueIdentifier>
    </Filter>
    <Filter Include="ソース ファイル\GAME">
      <UniqueIdentifier>{fc919385-6723-4cf5-92ee-ef23de594c12}</UniqueIdentifier>
    </Filter>
    <Filter Include="ソース ファイル\RESULT">
      <UniqueIdentifier>{0700d7c0-e961-4fd7-9ce5-115c05fc1767}</UniqueIdentifier>
    </Filter>
    <Filter Include="ヘッダー ファイル\TITLE">
      <UniqueIdentifier>{12ceaad4-54d9-437d-99b1-04a07dbb543a}</UniqueIdentifier>
    </Filter>
    <Filter Include="ヘッダー ファイル\GAME">
      <UniqueIdentifier>{34d8cb4d-ec5c-49df-98af-a845fd1b0253}</UniqueIdentifier>
    </Filter>
    <Filter Include="ヘッダー ファイル\RESULT">
      <UniqueIdentifier>{bb85738c-f6d5-45a1-bf38-44c4f7a3b9ab}</UniqueIdentifier>
    </Filter>
    <Filter Include="ソース ファイル\GAME\PLAYER">
      <UniqueIdentifier>{2687e839-e413-4bfe-ac8c-52abddd09758}</UniqueIdentifier>
    </Filter>
    <Filter Include="ソース ファイル\GAME\ENEMY">
      <UniqueIdentifier>{4739a632-4051-4076-bea0-6b1e0c668798}</UniqueIdentifier>
    </Filter>
    <Filter Include="ヘッダー ファイル\GAME\PLAYER">
      <UniqueIdentifier>{ccdcab8e-c09e-4473-beb6-f36ba64c9e7c}</UniqueIdentifier>
    </Filter>
    <Filter Include="ヘッダー ファイル\GAME\ENEMY">
      <UniqueIdentifier>{16862652-aa3a-4afb-9ec8-ce4b3e42be33}</UniqueIdentifier>
    </Filter>
    <Filter Include="ソース ファイル\MANAGER">
      <UniqueIdentifier>{00795092-6dd5-443e-b55f-a4f260565114}</UniqueIdentifier>
    </Filter>
    <Filter Include="ヘッダー ファイル\MANAGER">
      <UniqueIdentifier>{e33a696a-33f4-4a6a-a1db-8747c35b156e}</UniqueIdentifier>
    </Filter>
  </ItemGroup>
  <ItemGroup>
    <ClCompile Include="Sources\main.cpp">
      <Filter>ソース ファイル</Filter>
    </ClCompile>
    <ClCompile Include="Sources\GAME\PLAYER\player.cpp">
      <Filter>ソース ファイル</Filter>
    </ClCompile>
    <ClCompile Include="Sources\GAME\gameMode.cpp">
      <Filter>ソース ファイル</Filter>
    </ClCompile>
    <ClCompile Include="Sources\RESULT\resultMode.cpp">
      <Filter>ソース ファイル</Filter>
    </ClCompile>
    <ClCompile Include="Sources\TITLE\titleMode.cpp">
      <Filter>ソース ファイル</Filter>
    </ClCompile>
    <ClCompile Include="Sources\MANAGER\renderer.cpp">
      <Filter>ソース ファイル</Filter>
    </ClCompile>
    <ClCompile Include="sources\interface\fade.cpp">
      <Filter>ソース ファイル</Filter>
    </ClCompile>
    <ClCompile Include="sources\interface\input.cpp">
      <Filter>ソース ファイル</Filter>
    </ClCompile>
    <ClCompile Include="sources\interface\sound.cpp">
      <Filter>ソース ファイル</Filter>
    </ClCompile>
    <ClCompile Include="sources\interface\debug.cpp">
      <Filter>ソース ファイル</Filter>
    </ClCompile>
    <ClCompile Include="sources\game\camera.cpp">
      <Filter>ソース ファイル</Filter>
    </ClCompile>
    <ClCompile Include="sources\interface\scene.cpp">
      <Filter>ソース ファイル</Filter>
    </ClCompile>
    <ClCompile Include="sources\interface\scene2D.cpp">
      <Filter>ソース ファイル</Filter>
    </ClCompile>
    <ClCompile Include="sources\interface\scene3D.cpp">
      <Filter>ソース ファイル</Filter>
    </ClCompile>
    <ClCompile Include="sources\interface\sceneModel.cpp">
      <Filter>ソース ファイル</Filter>
    </ClCompile>
    <ClCompile Include="sources\game\light.cpp">
      <Filter>ソース ファイル</Filter>
    </ClCompile>
    <ClCompile Include="Sources\MANAGER\manager.cpp">
      <Filter>ソース ファイル</Filter>
    </ClCompile>
    <ClCompile Include="sources\title\titleBG.cpp">
      <Filter>ソース ファイル</Filter>
    </ClCompile>
    <ClCompile Include="sources\result\resultBG.cpp">
      <Filter>ソース ファイル</Filter>
    </ClCompile>
    <ClCompile Include="sources\game\meshFIeld.cpp">
      <Filter>ソース ファイル</Filter>
    </ClCompile>
  </ItemGroup>
  <ItemGroup>
    <ClInclude Include="Sources\main.h">
      <Filter>ヘッダー ファイル</Filter>
    </ClInclude>
    <ClInclude Include="Sources\GAME\PLAYER\player.h">
      <Filter>ヘッダー ファイル</Filter>
    </ClInclude>
    <ClInclude Include="Sources\GAME\gameMode.h">
      <Filter>ヘッダー ファイル</Filter>
    </ClInclude>
    <ClInclude Include="Sources\RESULT\resultMode.h">
      <Filter>ヘッダー ファイル</Filter>
    </ClInclude>
    <ClInclude Include="Sources\TITLE\titleMode.h">
      <Filter>ヘッダー ファイル</Filter>
    </ClInclude>
    <ClInclude Include="Sources\MANAGER\renderer.h">
      <Filter>ヘッダー ファイル</Filter>
    </ClInclude>
    <ClInclude Include="sources\interface\fade.h">
      <Filter>ヘッダー ファイル</Filter>
    </ClInclude>
    <ClInclude Include="sources\interface\input.h">
      <Filter>ヘッダー ファイル</Filter>
    </ClInclude>
    <ClInclude Include="sources\interface\sound.h">
      <Filter>ヘッダー ファイル</Filter>
    </ClInclude>
    <ClInclude Include="sources\interface\debug.h">
      <Filter>ヘッダー ファイル</Filter>
    </ClInclude>
    <ClInclude Include="sources\game\camera.h">
      <Filter>ヘッダー ファイル</Filter>
    </ClInclude>
    <ClInclude Include="sources\interface\scene.h">
      <Filter>ヘッダー ファイル</Filter>
    </ClInclude>
    <ClInclude Include="sources\interface\scene2D.h">
      <Filter>ヘッダー ファイル</Filter>
    </ClInclude>
    <ClInclude Include="sources\interface\scene3D.h">
      <Filter>ヘッダー ファイル</Filter>
    </ClInclude>
    <ClInclude Include="sources\interface\sceneModel.h">
      <Filter>ヘッダー ファイル</Filter>
    </ClInclude>
    <ClInclude Include="sources\game\light.h">
      <Filter>ヘッダー ファイル</Filter>
    </ClInclude>
    <ClInclude Include="Sources\MANAGER\manager.h">
      <Filter>ヘッダー ファイル</Filter>
    </ClInclude>
    <ClInclude Include="sources\manager\modeManager.h">
      <Filter>ヘッダー ファイル</Filter>
    </ClInclude>
    <ClInclude Include="sources\title\titleBG.h">
      <Filter>ヘッダー ファイル</Filter>
    </ClInclude>
    <ClInclude Include="sources\result\resultBG.h">
      <Filter>ヘッダー ファイル</Filter>
    </ClInclude>
    <ClInclude Include="sources\game\meshField.h">
      <Filter>ヘッダー ファイル</Filter>
    </ClInclude>
  </ItemGroup>
</Project>